// !$*UTF8*$!
{
	archiveVersion = 1;
	classes = {
	};
	objectVersion = 48;
	objects = {

/* Begin PBXBuildFile section */
		06019D6D1F92E9ED0003AD1D /* AppDelegate.swift in Sources */ = {isa = PBXBuildFile; fileRef = 06019D6C1F92E9ED0003AD1D /* AppDelegate.swift */; };
		06019D6F1F92E9ED0003AD1D /* ViewController.swift in Sources */ = {isa = PBXBuildFile; fileRef = 06019D6E1F92E9ED0003AD1D /* ViewController.swift */; };
		06019D721F92E9ED0003AD1D /* Main.storyboard in Resources */ = {isa = PBXBuildFile; fileRef = 06019D701F92E9ED0003AD1D /* Main.storyboard */; };
		06019D741F92E9ED0003AD1D /* Assets.xcassets in Resources */ = {isa = PBXBuildFile; fileRef = 06019D731F92E9ED0003AD1D /* Assets.xcassets */; };
		06019D771F92E9ED0003AD1D /* LaunchScreen.storyboard in Resources */ = {isa = PBXBuildFile; fileRef = 06019D751F92E9ED0003AD1D /* LaunchScreen.storyboard */; };
		06019D821F92E9ED0003AD1D /* WatchListerTests.swift in Sources */ = {isa = PBXBuildFile; fileRef = 06019D811F92E9ED0003AD1D /* WatchListerTests.swift */; };
		069C6B2B1F92FB1000E5D470 /* RouterType.swift in Sources */ = {isa = PBXBuildFile; fileRef = 069C6B2A1F92FB1000E5D470 /* RouterType.swift */; };
		0744EBA1178FBD2E10A37C40 /* Pods_WatchLister.framework in Frameworks */ = {isa = PBXBuildFile; fileRef = D6434AB4336935AD6415C53A /* Pods_WatchLister.framework */; };
		E735BD1345A307DAEA338217 /* Pods_WatchListerTests.framework in Frameworks */ = {isa = PBXBuildFile; fileRef = 27FC1CFA0CC14D63C720907E /* Pods_WatchListerTests.framework */; };
/* End PBXBuildFile section */

/* Begin PBXContainerItemProxy section */
		06019D7E1F92E9ED0003AD1D /* PBXContainerItemProxy */ = {
			isa = PBXContainerItemProxy;
			containerPortal = 06019D611F92E9ED0003AD1D /* Project object */;
			proxyType = 1;
			remoteGlobalIDString = 06019D681F92E9ED0003AD1D;
			remoteInfo = WatchLister;
		};
/* End PBXContainerItemProxy section */

/* Begin PBXFileReference section */
		06019D691F92E9ED0003AD1D /* WatchLister.app */ = {isa = PBXFileReference; explicitFileType = wrapper.application; includeInIndex = 0; path = WatchLister.app; sourceTree = BUILT_PRODUCTS_DIR; };
		06019D6C1F92E9ED0003AD1D /* AppDelegate.swift */ = {isa = PBXFileReference; lastKnownFileType = sourcecode.swift; path = AppDelegate.swift; sourceTree = "<group>"; };
		06019D6E1F92E9ED0003AD1D /* ViewController.swift */ = {isa = PBXFileReference; lastKnownFileType = sourcecode.swift; path = ViewController.swift; sourceTree = "<group>"; };
		06019D711F92E9ED0003AD1D /* Base */ = {isa = PBXFileReference; lastKnownFileType = file.storyboard; name = Base; path = Base.lproj/Main.storyboard; sourceTree = "<group>"; };
		06019D731F92E9ED0003AD1D /* Assets.xcassets */ = {isa = PBXFileReference; lastKnownFileType = folder.assetcatalog; path = Assets.xcassets; sourceTree = "<group>"; };
		06019D761F92E9ED0003AD1D /* Base */ = {isa = PBXFileReference; lastKnownFileType = file.storyboard; name = Base; path = Base.lproj/LaunchScreen.storyboard; sourceTree = "<group>"; };
		06019D781F92E9ED0003AD1D /* Info.plist */ = {isa = PBXFileReference; lastKnownFileType = text.plist.xml; path = Info.plist; sourceTree = "<group>"; };
		06019D7D1F92E9ED0003AD1D /* WatchListerTests.xctest */ = {isa = PBXFileReference; explicitFileType = wrapper.cfbundle; includeInIndex = 0; path = WatchListerTests.xctest; sourceTree = BUILT_PRODUCTS_DIR; };
		06019D811F92E9ED0003AD1D /* WatchListerTests.swift */ = {isa = PBXFileReference; lastKnownFileType = sourcecode.swift; path = WatchListerTests.swift; sourceTree = "<group>"; };
		06019D831F92E9ED0003AD1D /* Info.plist */ = {isa = PBXFileReference; lastKnownFileType = text.plist.xml; path = Info.plist; sourceTree = "<group>"; };
		069C6B2A1F92FB1000E5D470 /* RouterType.swift */ = {isa = PBXFileReference; lastKnownFileType = sourcecode.swift; path = RouterType.swift; sourceTree = "<group>"; };
		27FC1CFA0CC14D63C720907E /* Pods_WatchListerTests.framework */ = {isa = PBXFileReference; explicitFileType = wrapper.framework; includeInIndex = 0; path = Pods_WatchListerTests.framework; sourceTree = BUILT_PRODUCTS_DIR; };
		2CFA24A8E58AF3425AE68B68 /* Pods-WatchLister.debug.xcconfig */ = {isa = PBXFileReference; includeInIndex = 1; lastKnownFileType = text.xcconfig; name = "Pods-WatchLister.debug.xcconfig"; path = "Pods/Target Support Files/Pods-WatchLister/Pods-WatchLister.debug.xcconfig"; sourceTree = "<group>"; };
		9DC9A412F9B487401F0D9599 /* Pods-WatchListerTests.debug.xcconfig */ = {isa = PBXFileReference; includeInIndex = 1; lastKnownFileType = text.xcconfig; name = "Pods-WatchListerTests.debug.xcconfig"; path = "Pods/Target Support Files/Pods-WatchListerTests/Pods-WatchListerTests.debug.xcconfig"; sourceTree = "<group>"; };
		A6C0C747A8917B807C0CD8A8 /* Pods-WatchListerTests.release.xcconfig */ = {isa = PBXFileReference; includeInIndex = 1; lastKnownFileType = text.xcconfig; name = "Pods-WatchListerTests.release.xcconfig"; path = "Pods/Target Support Files/Pods-WatchListerTests/Pods-WatchListerTests.release.xcconfig"; sourceTree = "<group>"; };
		AE6CAACB08AFBE1ACBAD4EB0 /* Pods-WatchLister.release.xcconfig */ = {isa = PBXFileReference; includeInIndex = 1; lastKnownFileType = text.xcconfig; name = "Pods-WatchLister.release.xcconfig"; path = "Pods/Target Support Files/Pods-WatchLister/Pods-WatchLister.release.xcconfig"; sourceTree = "<group>"; };
		D6434AB4336935AD6415C53A /* Pods_WatchLister.framework */ = {isa = PBXFileReference; explicitFileType = wrapper.framework; includeInIndex = 0; path = Pods_WatchLister.framework; sourceTree = BUILT_PRODUCTS_DIR; };
/* End PBXFileReference section */

/* Begin PBXFrameworksBuildPhase section */
		06019D661F92E9ED0003AD1D /* Frameworks */ = {
			isa = PBXFrameworksBuildPhase;
			buildActionMask = 2147483647;
			files = (
				0744EBA1178FBD2E10A37C40 /* Pods_WatchLister.framework in Frameworks */,
			);
			runOnlyForDeploymentPostprocessing = 0;
		};
		06019D7A1F92E9ED0003AD1D /* Frameworks */ = {
			isa = PBXFrameworksBuildPhase;
			buildActionMask = 2147483647;
			files = (
				E735BD1345A307DAEA338217 /* Pods_WatchListerTests.framework in Frameworks */,
			);
			runOnlyForDeploymentPostprocessing = 0;
		};
/* End PBXFrameworksBuildPhase section */

/* Begin PBXGroup section */
		06019D601F92E9ED0003AD1D = {
			isa = PBXGroup;
			children = (
				06019D6B1F92E9ED0003AD1D /* WatchLister */,
				06019D801F92E9ED0003AD1D /* WatchListerTests */,
				06019D6A1F92E9ED0003AD1D /* Products */,
				C3F019C87DB51DD4158C6FBF /* Pods */,
				A5F245A5EDDE498584E14CA3 /* Frameworks */,
			);
			sourceTree = "<group>";
		};
		06019D6A1F92E9ED0003AD1D /* Products */ = {
			isa = PBXGroup;
			children = (
				06019D691F92E9ED0003AD1D /* WatchLister.app */,
				06019D7D1F92E9ED0003AD1D /* WatchListerTests.xctest */,
			);
			name = Products;
			sourceTree = "<group>";
		};
		06019D6B1F92E9ED0003AD1D /* WatchLister */ = {
			isa = PBXGroup;
			children = (
				06019D6C1F92E9ED0003AD1D /* AppDelegate.swift */,
				069C6B291F92FACF00E5D470 /* API */,
				069C6B281F92F7CC00E5D470 /* Views */,
				069C6B271F92F7B200E5D470 /* Storyboards */,
				06019D731F92E9ED0003AD1D /* Assets.xcassets */,
				06019D781F92E9ED0003AD1D /* Info.plist */,
			);
			path = WatchLister;
			sourceTree = "<group>";
		};
		06019D801F92E9ED0003AD1D /* WatchListerTests */ = {
			isa = PBXGroup;
			children = (
				06019D811F92E9ED0003AD1D /* WatchListerTests.swift */,
				06019D831F92E9ED0003AD1D /* Info.plist */,
			);
			path = WatchListerTests;
			sourceTree = "<group>";
		};
		069C6B271F92F7B200E5D470 /* Storyboards */ = {
			isa = PBXGroup;
			children = (
				06019D701F92E9ED0003AD1D /* Main.storyboard */,
				06019D751F92E9ED0003AD1D /* LaunchScreen.storyboard */,
			);
			path = Storyboards;
			sourceTree = "<group>";
		};
		069C6B281F92F7CC00E5D470 /* Views */ = {
			isa = PBXGroup;
			children = (
				06019D6E1F92E9ED0003AD1D /* ViewController.swift */,
			);
			path = Views;
			sourceTree = "<group>";
		};
		069C6B291F92FACF00E5D470 /* API */ = {
			isa = PBXGroup;
			children = (
				069C6B2A1F92FB1000E5D470 /* RouterType.swift */,
			);
			path = API;
			sourceTree = "<group>";
		};
		A5F245A5EDDE498584E14CA3 /* Frameworks */ = {
			isa = PBXGroup;
			children = (
				D6434AB4336935AD6415C53A /* Pods_WatchLister.framework */,
				27FC1CFA0CC14D63C720907E /* Pods_WatchListerTests.framework */,
			);
			name = Frameworks;
			sourceTree = "<group>";
		};
		C3F019C87DB51DD4158C6FBF /* Pods */ = {
			isa = PBXGroup;
			children = (
				2CFA24A8E58AF3425AE68B68 /* Pods-WatchLister.debug.xcconfig */,
				AE6CAACB08AFBE1ACBAD4EB0 /* Pods-WatchLister.release.xcconfig */,
				9DC9A412F9B487401F0D9599 /* Pods-WatchListerTests.debug.xcconfig */,
				A6C0C747A8917B807C0CD8A8 /* Pods-WatchListerTests.release.xcconfig */,
			);
			name = Pods;
			sourceTree = "<group>";
		};
/* End PBXGroup section */

/* Begin PBXNativeTarget section */
		06019D681F92E9ED0003AD1D /* WatchLister */ = {
			isa = PBXNativeTarget;
			buildConfigurationList = 06019D861F92E9ED0003AD1D /* Build configuration list for PBXNativeTarget "WatchLister" */;
			buildPhases = (
				F344D29F887D47C1F88B6C3B /* [CP] Check Pods Manifest.lock */,
				06019D651F92E9ED0003AD1D /* Sources */,
				06019D661F92E9ED0003AD1D /* Frameworks */,
				06019D671F92E9ED0003AD1D /* Resources */,
				3175F4E0D5639B8B92244E1F /* [CP] Embed Pods Frameworks */,
				E70BA8FEAF1845296370F5B7 /* [CP] Copy Pods Resources */,
			);
			buildRules = (
			);
			dependencies = (
			);
			name = WatchLister;
			productName = WatchLister;
			productReference = 06019D691F92E9ED0003AD1D /* WatchLister.app */;
			productType = "com.apple.product-type.application";
		};
		06019D7C1F92E9ED0003AD1D /* WatchListerTests */ = {
			isa = PBXNativeTarget;
			buildConfigurationList = 06019D891F92E9ED0003AD1D /* Build configuration list for PBXNativeTarget "WatchListerTests" */;
			buildPhases = (
				988912CC9F096EEF1ECE69C7 /* [CP] Check Pods Manifest.lock */,
				06019D791F92E9ED0003AD1D /* Sources */,
				06019D7A1F92E9ED0003AD1D /* Frameworks */,
				06019D7B1F92E9ED0003AD1D /* Resources */,
				BCCD206C00808F8BD8CA57C1 /* [CP] Embed Pods Frameworks */,
				FCBF5201F3EC1E6FBD8EC880 /* [CP] Copy Pods Resources */,
			);
			buildRules = (
			);
			dependencies = (
				06019D7F1F92E9ED0003AD1D /* PBXTargetDependency */,
			);
			name = WatchListerTests;
			productName = WatchListerTests;
			productReference = 06019D7D1F92E9ED0003AD1D /* WatchListerTests.xctest */;
			productType = "com.apple.product-type.bundle.unit-test";
		};
/* End PBXNativeTarget section */

/* Begin PBXProject section */
		06019D611F92E9ED0003AD1D /* Project object */ = {
			isa = PBXProject;
			attributes = {
				LastSwiftUpdateCheck = 0900;
				LastUpgradeCheck = 0900;
				ORGANIZATIONNAME = "Francis Breidenbach";
				TargetAttributes = {
					06019D681F92E9ED0003AD1D = {
						CreatedOnToolsVersion = 9.0;
						ProvisioningStyle = Automatic;
					};
					06019D7C1F92E9ED0003AD1D = {
						CreatedOnToolsVersion = 9.0;
						ProvisioningStyle = Automatic;
						TestTargetID = 06019D681F92E9ED0003AD1D;
					};
				};
			};
			buildConfigurationList = 06019D641F92E9ED0003AD1D /* Build configuration list for PBXProject "WatchLister" */;
			compatibilityVersion = "Xcode 8.0";
			developmentRegion = en;
			hasScannedForEncodings = 0;
			knownRegions = (
				en,
				Base,
			);
			mainGroup = 06019D601F92E9ED0003AD1D;
			productRefGroup = 06019D6A1F92E9ED0003AD1D /* Products */;
			projectDirPath = "";
			projectRoot = "";
			targets = (
				06019D681F92E9ED0003AD1D /* WatchLister */,
				06019D7C1F92E9ED0003AD1D /* WatchListerTests */,
			);
		};
/* End PBXProject section */

/* Begin PBXResourcesBuildPhase section */
		06019D671F92E9ED0003AD1D /* Resources */ = {
			isa = PBXResourcesBuildPhase;
			buildActionMask = 2147483647;
			files = (
				06019D771F92E9ED0003AD1D /* LaunchScreen.storyboard in Resources */,
				06019D741F92E9ED0003AD1D /* Assets.xcassets in Resources */,
				06019D721F92E9ED0003AD1D /* Main.storyboard in Resources */,
			);
			runOnlyForDeploymentPostprocessing = 0;
		};
		06019D7B1F92E9ED0003AD1D /* Resources */ = {
			isa = PBXResourcesBuildPhase;
			buildActionMask = 2147483647;
			files = (
			);
			runOnlyForDeploymentPostprocessing = 0;
		};
/* End PBXResourcesBuildPhase section */

/* Begin PBXShellScriptBuildPhase section */
		3175F4E0D5639B8B92244E1F /* [CP] Embed Pods Frameworks */ = {
			isa = PBXShellScriptBuildPhase;
			buildActionMask = 2147483647;
			files = (
			);
			inputPaths = (
			);
			name = "[CP] Embed Pods Frameworks";
			outputPaths = (
			);
			runOnlyForDeploymentPostprocessing = 0;
			shellPath = /bin/sh;
			shellScript = "\"${SRCROOT}/Pods/Target Support Files/Pods-WatchLister/Pods-WatchLister-frameworks.sh\"\n";
			showEnvVarsInLog = 0;
		};
		988912CC9F096EEF1ECE69C7 /* [CP] Check Pods Manifest.lock */ = {
			isa = PBXShellScriptBuildPhase;
			buildActionMask = 2147483647;
			files = (
			);
			inputPaths = (
			);
			name = "[CP] Check Pods Manifest.lock";
			outputPaths = (
			);
			runOnlyForDeploymentPostprocessing = 0;
			shellPath = /bin/sh;
			shellScript = "diff \"${PODS_ROOT}/../Podfile.lock\" \"${PODS_ROOT}/Manifest.lock\" > /dev/null\nif [ $? != 0 ] ; then\n    # print error to STDERR\n    echo \"error: The sandbox is not in sync with the Podfile.lock. Run 'pod install' or update your CocoaPods installation.\" >&2\n    exit 1\nfi\n";
			showEnvVarsInLog = 0;
		};
		BCCD206C00808F8BD8CA57C1 /* [CP] Embed Pods Frameworks */ = {
			isa = PBXShellScriptBuildPhase;
			buildActionMask = 2147483647;
			files = (
			);
			inputPaths = (
			);
			name = "[CP] Embed Pods Frameworks";
			outputPaths = (
			);
			runOnlyForDeploymentPostprocessing = 0;
			shellPath = /bin/sh;
			shellScript = "\"${SRCROOT}/Pods/Target Support Files/Pods-WatchListerTests/Pods-WatchListerTests-frameworks.sh\"\n";
			showEnvVarsInLog = 0;
		};
		E70BA8FEAF1845296370F5B7 /* [CP] Copy Pods Resources */ = {
			isa = PBXShellScriptBuildPhase;
			buildActionMask = 2147483647;
			files = (
			);
			inputPaths = (
			);
			name = "[CP] Copy Pods Resources";
			outputPaths = (
			);
			runOnlyForDeploymentPostprocessing = 0;
			shellPath = /bin/sh;
			shellScript = "\"${SRCROOT}/Pods/Target Support Files/Pods-WatchLister/Pods-WatchLister-resources.sh\"\n";
			showEnvVarsInLog = 0;
		};
		F344D29F887D47C1F88B6C3B /* [CP] Check Pods Manifest.lock */ = {
			isa = PBXShellScriptBuildPhase;
			buildActionMask = 2147483647;
			files = (
			);
			inputPaths = (
			);
			name = "[CP] Check Pods Manifest.lock";
			outputPaths = (
			);
			runOnlyForDeploymentPostprocessing = 0;
			shellPath = /bin/sh;
			shellScript = "diff \"${PODS_ROOT}/../Podfile.lock\" \"${PODS_ROOT}/Manifest.lock\" > /dev/null\nif [ $? != 0 ] ; then\n    # print error to STDERR\n    echo \"error: The sandbox is not in sync with the Podfile.lock. Run 'pod install' or update your CocoaPods installation.\" >&2\n    exit 1\nfi\n";
			showEnvVarsInLog = 0;
		};
		FCBF5201F3EC1E6FBD8EC880 /* [CP] Copy Pods Resources */ = {
			isa = PBXShellScriptBuildPhase;
			buildActionMask = 2147483647;
			files = (
			);
			inputPaths = (
			);
			name = "[CP] Copy Pods Resources";
			outputPaths = (
			);
			runOnlyForDeploymentPostprocessing = 0;
			shellPath = /bin/sh;
			shellScript = "\"${SRCROOT}/Pods/Target Support Files/Pods-WatchListerTests/Pods-WatchListerTests-resources.sh\"\n";
			showEnvVarsInLog = 0;
		};
/* End PBXShellScriptBuildPhase section */

/* Begin PBXSourcesBuildPhase section */
		06019D651F92E9ED0003AD1D /* Sources */ = {
			isa = PBXSourcesBuildPhase;
			buildActionMask = 2147483647;
			files = (
				06019D6F1F92E9ED0003AD1D /* ViewController.swift in Sources */,
				06019D6D1F92E9ED0003AD1D /* AppDelegate.swift in Sources */,
				069C6B2B1F92FB1000E5D470 /* RouterType.swift in Sources */,
			);
			runOnlyForDeploymentPostprocessing = 0;
		};
		06019D791F92E9ED0003AD1D /* Sources */ = {
			isa = PBXSourcesBuildPhase;
			buildActionMask = 2147483647;
			files = (
				06019D821F92E9ED0003AD1D /* WatchListerTests.swift in Sources */,
			);
			runOnlyForDeploymentPostprocessing = 0;
		};
/* End PBXSourcesBuildPhase section */

/* Begin PBXTargetDependency section */
		06019D7F1F92E9ED0003AD1D /* PBXTargetDependency */ = {
			isa = PBXTargetDependency;
			target = 06019D681F92E9ED0003AD1D /* WatchLister */;
			targetProxy = 06019D7E1F92E9ED0003AD1D /* PBXContainerItemProxy */;
		};
/* End PBXTargetDependency section */

/* Begin PBXVariantGroup section */
		06019D701F92E9ED0003AD1D /* Main.storyboard */ = {
			isa = PBXVariantGroup;
			children = (
				06019D711F92E9ED0003AD1D /* Base */,
			);
			name = Main.storyboard;
			sourceTree = "<group>";
		};
		06019D751F92E9ED0003AD1D /* LaunchScreen.storyboard */ = {
			isa = PBXVariantGroup;
			children = (
				06019D761F92E9ED0003AD1D /* Base */,
			);
			name = LaunchScreen.storyboard;
			sourceTree = "<group>";
		};
/* End PBXVariantGroup section */

/* Begin XCBuildConfiguration section */
		06019D841F92E9ED0003AD1D /* Debug */ = {
			isa = XCBuildConfiguration;
			buildSettings = {
				ALWAYS_SEARCH_USER_PATHS = NO;
				CLANG_ANALYZER_NONNULL = YES;
				CLANG_ANALYZER_NUMBER_OBJECT_CONVERSION = YES_AGGRESSIVE;
				CLANG_CXX_LANGUAGE_STANDARD = "gnu++14";
				CLANG_CXX_LIBRARY = "libc++";
				CLANG_ENABLE_MODULES = YES;
				CLANG_ENABLE_OBJC_ARC = YES;
				CLANG_WARN_BLOCK_CAPTURE_AUTORELEASING = YES;
				CLANG_WARN_BOOL_CONVERSION = YES;
				CLANG_WARN_COMMA = YES;
				CLANG_WARN_CONSTANT_CONVERSION = YES;
				CLANG_WARN_DIRECT_OBJC_ISA_USAGE = YES_ERROR;
				CLANG_WARN_DOCUMENTATION_COMMENTS = YES;
				CLANG_WARN_EMPTY_BODY = YES;
				CLANG_WARN_ENUM_CONVERSION = YES;
				CLANG_WARN_INFINITE_RECURSION = YES;
				CLANG_WARN_INT_CONVERSION = YES;
				CLANG_WARN_NON_LITERAL_NULL_CONVERSION = YES;
				CLANG_WARN_OBJC_LITERAL_CONVERSION = YES;
				CLANG_WARN_OBJC_ROOT_CLASS = YES_ERROR;
				CLANG_WARN_RANGE_LOOP_ANALYSIS = YES;
				CLANG_WARN_STRICT_PROTOTYPES = YES;
				CLANG_WARN_SUSPICIOUS_MOVE = YES;
				CLANG_WARN_UNGUARDED_AVAILABILITY = YES_AGGRESSIVE;
				CLANG_WARN_UNREACHABLE_CODE = YES;
				CLANG_WARN__DUPLICATE_METHOD_MATCH = YES;
				CODE_SIGN_IDENTITY = "iPhone Developer";
				COPY_PHASE_STRIP = NO;
				DEBUG_INFORMATION_FORMAT = dwarf;
				ENABLE_STRICT_OBJC_MSGSEND = YES;
				ENABLE_TESTABILITY = YES;
				GCC_C_LANGUAGE_STANDARD = gnu11;
				GCC_DYNAMIC_NO_PIC = NO;
				GCC_NO_COMMON_BLOCKS = YES;
				GCC_OPTIMIZATION_LEVEL = 0;
				GCC_PREPROCESSOR_DEFINITIONS = (
					"DEBUG=1",
					"$(inherited)",
				);
				GCC_WARN_64_TO_32_BIT_CONVERSION = YES;
				GCC_WARN_ABOUT_RETURN_TYPE = YES_ERROR;
				GCC_WARN_UNDECLARED_SELECTOR = YES;
				GCC_WARN_UNINITIALIZED_AUTOS = YES_AGGRESSIVE;
				GCC_WARN_UNUSED_FUNCTION = YES;
				GCC_WARN_UNUSED_VARIABLE = YES;
				IPHONEOS_DEPLOYMENT_TARGET = 11.0;
				MTL_ENABLE_DEBUG_INFO = YES;
				ONLY_ACTIVE_ARCH = YES;
				SDKROOT = iphoneos;
				SWIFT_ACTIVE_COMPILATION_CONDITIONS = DEBUG;
				SWIFT_OPTIMIZATION_LEVEL = "-Onone";
			};
			name = Debug;
		};
		06019D851F92E9ED0003AD1D /* Release */ = {
			isa = XCBuildConfiguration;
			buildSettings = {
				ALWAYS_SEARCH_USER_PATHS = NO;
				CLANG_ANALYZER_NONNULL = YES;
				CLANG_ANALYZER_NUMBER_OBJECT_CONVERSION = YES_AGGRESSIVE;
				CLANG_CXX_LANGUAGE_STANDARD = "gnu++14";
				CLANG_CXX_LIBRARY = "libc++";
				CLANG_ENABLE_MODULES = YES;
				CLANG_ENABLE_OBJC_ARC = YES;
				CLANG_WARN_BLOCK_CAPTURE_AUTORELEASING = YES;
				CLANG_WARN_BOOL_CONVERSION = YES;
				CLANG_WARN_COMMA = YES;
				CLANG_WARN_CONSTANT_CONVERSION = YES;
				CLANG_WARN_DIRECT_OBJC_ISA_USAGE = YES_ERROR;
				CLANG_WARN_DOCUMENTATION_COMMENTS = YES;
				CLANG_WARN_EMPTY_BODY = YES;
				CLANG_WARN_ENUM_CONVERSION = YES;
				CLANG_WARN_INFINITE_RECURSION = YES;
				CLANG_WARN_INT_CONVERSION = YES;
				CLANG_WARN_NON_LITERAL_NULL_CONVERSION = YES;
				CLANG_WARN_OBJC_LITERAL_CONVERSION = YES;
				CLANG_WARN_OBJC_ROOT_CLASS = YES_ERROR;
				CLANG_WARN_RANGE_LOOP_ANALYSIS = YES;
				CLANG_WARN_STRICT_PROTOTYPES = YES;
				CLANG_WARN_SUSPICIOUS_MOVE = YES;
				CLANG_WARN_UNGUARDED_AVAILABILITY = YES_AGGRESSIVE;
				CLANG_WARN_UNREACHABLE_CODE = YES;
				CLANG_WARN__DUPLICATE_METHOD_MATCH = YES;
				CODE_SIGN_IDENTITY = "iPhone Developer";
				COPY_PHASE_STRIP = NO;
				DEBUG_INFORMATION_FORMAT = "dwarf-with-dsym";
				ENABLE_NS_ASSERTIONS = NO;
				ENABLE_STRICT_OBJC_MSGSEND = YES;
				GCC_C_LANGUAGE_STANDARD = gnu11;
				GCC_NO_COMMON_BLOCKS = YES;
				GCC_WARN_64_TO_32_BIT_CONVERSION = YES;
				GCC_WARN_ABOUT_RETURN_TYPE = YES_ERROR;
				GCC_WARN_UNDECLARED_SELECTOR = YES;
				GCC_WARN_UNINITIALIZED_AUTOS = YES_AGGRESSIVE;
				GCC_WARN_UNUSED_FUNCTION = YES;
				GCC_WARN_UNUSED_VARIABLE = YES;
				IPHONEOS_DEPLOYMENT_TARGET = 11.0;
				MTL_ENABLE_DEBUG_INFO = NO;
				SDKROOT = iphoneos;
				SWIFT_OPTIMIZATION_LEVEL = "-Owholemodule";
				VALIDATE_PRODUCT = YES;
			};
			name = Release;
		};
		06019D871F92E9ED0003AD1D /* Debug */ = {
			isa = XCBuildConfiguration;
			baseConfigurationReference = 2CFA24A8E58AF3425AE68B68 /* Pods-WatchLister.debug.xcconfig */;
			buildSettings = {
				ASSETCATALOG_COMPILER_APPICON_NAME = AppIcon;
				CODE_SIGN_STYLE = Automatic;
				DEVELOPMENT_TEAM = WA3KPNE52J;
				INFOPLIST_FILE = WatchLister/Info.plist;
				LD_RUNPATH_SEARCH_PATHS = "$(inherited) @executable_path/Frameworks";
				PRODUCT_BUNDLE_IDENTIFIER = com.fbreidenbach.WatchLister;
				PRODUCT_NAME = "$(TARGET_NAME)";
				SWIFT_VERSION = 4.0;
				TARGETED_DEVICE_FAMILY = "1,2";
			};
			name = Debug;
		};
		06019D881F92E9ED0003AD1D /* Release */ = {
			isa = XCBuildConfiguration;
			baseConfigurationReference = AE6CAACB08AFBE1ACBAD4EB0 /* Pods-WatchLister.release.xcconfig */;
			buildSettings = {
				ASSETCATALOG_COMPILER_APPICON_NAME = AppIcon;
				CODE_SIGN_STYLE = Automatic;
				DEVELOPMENT_TEAM = WA3KPNE52J;
				INFOPLIST_FILE = WatchLister/Info.plist;
				LD_RUNPATH_SEARCH_PATHS = "$(inherited) @executable_path/Frameworks";
				PRODUCT_BUNDLE_IDENTIFIER = com.fbreidenbach.WatchLister;
				PRODUCT_NAME = "$(TARGET_NAME)";
				SWIFT_VERSION = 4.0;
				TARGETED_DEVICE_FAMILY = "1,2";
			};
			name = Release;
		};
		06019D8A1F92E9ED0003AD1D /* Debug */ = {
			isa = XCBuildConfiguration;
			baseConfigurationReference = 9DC9A412F9B487401F0D9599 /* Pods-WatchListerTests.debug.xcconfig */;
			buildSettings = {
				ALWAYS_EMBED_SWIFT_STANDARD_LIBRARIES = YES;
				BUNDLE_LOADER = "$(TEST_HOST)";
				CODE_SIGN_STYLE = Automatic;
				DEVELOPMENT_TEAM = WA3KPNE52J;
				INFOPLIST_FILE = WatchListerTests/Info.plist;
				LD_RUNPATH_SEARCH_PATHS = "$(inherited) @executable_path/Frameworks @loader_path/Frameworks";
				PRODUCT_BUNDLE_IDENTIFIER = com.fbreidenbach.WatchListerTests;
				PRODUCT_NAME = "$(TARGET_NAME)";
				SWIFT_VERSION = 4.0;
				TARGETED_DEVICE_FAMILY = "1,2";
				TEST_HOST = "$(BUILT_PRODUCTS_DIR)/WatchLister.app/WatchLister";
			};
			name = Debug;
		};
		06019D8B1F92E9ED0003AD1D /* Release */ = {
			isa = XCBuildConfiguration;
			baseConfigurationReference = A6C0C747A8917B807C0CD8A8 /* Pods-WatchListerTests.release.xcconfig */;
			buildSettings = {
				ALWAYS_EMBED_SWIFT_STANDARD_LIBRARIES = YES;
				BUNDLE_LOADER = "$(TEST_HOST)";
				CODE_SIGN_STYLE = Automatic;
				DEVELOPMENT_TEAM = WA3KPNE52J;
				INFOPLIST_FILE = WatchListerTests/Info.plist;
				LD_RUNPATH_SEARCH_PATHS = "$(inherited) @executable_path/Frameworks @loader_path/Frameworks";
				PRODUCT_BUNDLE_IDENTIFIER = com.fbreidenbach.WatchListerTests;
				PRODUCT_NAME = "$(TARGET_NAME)";
				SWIFT_VERSION = 4.0;
				TARGETED_DEVICE_FAMILY = "1,2";
				TEST_HOST = "$(BUILT_PRODUCTS_DIR)/WatchLister.app/WatchLister";
			};
			name = Release;
		};
/* End XCBuildConfiguration section */

/* Begin XCConfigurationList section */
		06019D641F92E9ED0003AD1D /* Build configuration list for PBXProject "WatchLister" */ = {
			isa = XCConfigurationList;
			buildConfigurations = (
				06019D841F92E9ED0003AD1D /* Debug */,
				06019D851F92E9ED0003AD1D /* Release */,
			);
			defaultConfigurationIsVisible = 0;
			defaultConfigurationName = Release;
		};
		06019D861F92E9ED0003AD1D /* Build configuration list for PBXNativeTarget "WatchLister" */ = {
			isa = XCConfigurationList;
			buildConfigurations = (
				06019D871F92E9ED0003AD1D /* Debug */,
				06019D881F92E9ED0003AD1D /* Release */,
			);
			defaultConfigurationIsVisible = 0;
			defaultConfigurationName = Release;
		};
		06019D891F92E9ED0003AD1D /* Build configuration list for PBXNativeTarget "WatchListerTests" */ = {
			isa = XCConfigurationList;
			buildConfigurations = (
				06019D8A1F92E9ED0003AD1D /* Debug */,
				06019D8B1F92E9ED0003AD1D /* Release */,
			);
			defaultConfigurationIsVisible = 0;
			defaultConfigurationName = Release;
		};
/* End XCConfigurationList section */
	};
	rootObject = 06019D611F92E9ED0003AD1D /* Project object */;
}
